
Microsoft Visual Studio Solution File, Format Version 12.00
# Visual Studio Version 16
VisualStudioVersion = 16.0.31515.178
MinimumVisualStudioVersion = 10.0.40219.1
Project("{9A19103F-16F7-4668-BE54-9A1E7A4F7556}") = "CourseProjectRazor", "CourseProjectRazor\CourseProjectRazor.csproj", "{38EFFB38-1E9A-40A7-BC56-DEE30244B8F9}"
EndProject
Global
	GlobalSection(SolutionConfigurationPlatforms) = preSolution
		Debug|Any CPU = Debug|Any CPU
		Release|Any CPU = Release|Any CPU
	EndGlobalSection
	GlobalSection(ProjectConfigurationPlatforms) = postSolution
		{38EFFB38-1E9A-40A7-BC56-DEE30244B8F9}.Debug|Any CPU.ActiveCfg = Debug|Any CPU
		{38EFFB38-1E9A-40A7-BC56-DEE30244B8F9}.Debug|Any CPU.Build.0 = Debug|Any CPU
		{38EFFB38-1E9A-40A7-BC56-DEE30244B8F9}.Release|Any CPU.ActiveCfg = Release|Any CPU
		{38EFFB38-1E9A-40A7-BC56-DEE30244B8F9}.Release|Any CPU.Build.0 = Release|Any CPU
	EndGlobalSection
	GlobalSection(SolutionProperties) = preSolution
		HideSolutionNode = FALSE
	EndGlobalSection
	GlobalSection(ExtensibilityGlobals) = postSolution
		SolutionGuid = {A384E1FE-7D7B-457F-8703-5285162B7836}
	EndGlobalSection
EndGlobal
